
Microsoft Visual Studio Solution File, Format Version 12.00
# Visual Studio Version 16
VisualStudioVersion = 25.0.1703.8
MinimumVisualStudioVersion = 10.0.40219.1
Project("{FAE04EC0-301F-11D3-BF4B-00C04F79EFBC}") = "ccmEngine", "ccmEngine.csproj", "{E51C626B-D9DB-4043-8D04-19EA5894D4BD}"
EndProject
Project("{FAE04EC0-301F-11D3-BF4B-00C04F79EFBC}") = "ccmTests", "..\ccmTests\ccmTests.csproj", "{6DD930B8-A571-4797-ADEB-B3F02BA827B8}"
EndProject
Global
	GlobalSection(SolutionConfigurationPlatforms) = preSolution
		Debug|Any CPU = Debug|Any CPU
		Release|Any CPU = Release|Any CPU
	EndGlobalSection
	GlobalSection(ProjectConfigurationPlatforms) = postSolution
		{E51C626B-D9DB-4043-8D04-19EA5894D4BD}.Debug|Any CPU.ActiveCfg = Debug|Any CPU
		{E51C626B-D9DB-4043-8D04-19EA5894D4BD}.Debug|Any CPU.Build.0 = Debug|Any CPU
		{E51C626B-D9DB-4043-8D04-19EA5894D4BD}.Release|Any CPU.ActiveCfg = Release|Any CPU
		{E51C626B-D9DB-4043-8D04-19EA5894D4BD}.Release|Any CPU.Build.0 = Release|Any CPU
		{6DD930B8-A571-4797-ADEB-B3F02BA827B8}.Debug|Any CPU.ActiveCfg = Debug|Any CPU
		{6DD930B8-A571-4797-ADEB-B3F02BA827B8}.Debug|Any CPU.Build.0 = Debug|Any CPU
		{6DD930B8-A571-4797-ADEB-B3F02BA827B8}.Release|Any CPU.ActiveCfg = Release|Any CPU
		{6DD930B8-A571-4797-ADEB-B3F02BA827B8}.Release|Any CPU.Build.0 = Release|Any CPU
	EndGlobalSection
	GlobalSection(SolutionProperties) = preSolution
		HideSolutionNode = FALSE
	EndGlobalSection
	GlobalSection(ExtensibilityGlobals) = postSolution
		SolutionGuid = {CCABF340-5751-43A6-8021-FFD57805B7C6}
	EndGlobalSection
EndGlobal
